
Microsoft Visual Studio Solution File, Format Version 12.00
# Visual Studio Version 17
VisualStudioVersion = 17.2.32505.173
MinimumVisualStudioVersion = 10.0.40219.1
Project("{9A19103F-16F7-4668-BE54-9A1E7A4F7556}") = "Natural.Common", "Natural.Common\Natural.Common.csproj", "{9ED1C286-847A-4C8F-A9A3-7C20E4126E7F}"
EndProject
Project("{9A19103F-16F7-4668-BE54-9A1E7A4F7556}") = "Natural.Aws", "Natural.Aws\Natural.Aws.csproj", "{DB051997-CAE6-42F4-87B4-8A622DD4CFC1}"
EndProject
Project("{9A19103F-16F7-4668-BE54-9A1E7A4F7556}") = "Natural.SandboxConsole", "Natural.SandboxConsole\Natural.SandboxConsole.csproj", "{71CDA741-20E4-4264-A0B5-F97993EDFA29}"
EndProject
Project("{9A19103F-16F7-4668-BE54-9A1E7A4F7556}") = "Natural.Aws.Mock", "Natural.Aws.Mock\Natural.Aws.Mock.csproj", "{880207B8-A839-4831-813B-2633637CAD8E}"
EndProject
Project("{9A19103F-16F7-4668-BE54-9A1E7A4F7556}") = "Natural.Aws.Lambda", "Natural.Aws.Lambda\Natural.Aws.Lambda.csproj", "{9A7AC504-1FDE-4CA7-A57D-90C16FAE0924}"
EndProject
Project("{2150E333-8FDC-42A3-9474-1A3956D46DE8}") = "Solution Items", "Solution Items", "{0B729AFA-B390-4873-90F8-0101E3188633}"
	ProjectSection(SolutionItems) = preProject
		.editorconfig = .editorconfig
	EndProjectSection
EndProject
Global
	GlobalSection(SolutionConfigurationPlatforms) = preSolution
		Debug|Any CPU = Debug|Any CPU
		Release|Any CPU = Release|Any CPU
	EndGlobalSection
	GlobalSection(ProjectConfigurationPlatforms) = postSolution
		{9ED1C286-847A-4C8F-A9A3-7C20E4126E7F}.Debug|Any CPU.ActiveCfg = Debug|Any CPU
		{9ED1C286-847A-4C8F-A9A3-7C20E4126E7F}.Debug|Any CPU.Build.0 = Debug|Any CPU
		{9ED1C286-847A-4C8F-A9A3-7C20E4126E7F}.Release|Any CPU.ActiveCfg = Release|Any CPU
		{9ED1C286-847A-4C8F-A9A3-7C20E4126E7F}.Release|Any CPU.Build.0 = Release|Any CPU
		{DB051997-CAE6-42F4-87B4-8A622DD4CFC1}.Debug|Any CPU.ActiveCfg = Debug|Any CPU
		{DB051997-CAE6-42F4-87B4-8A622DD4CFC1}.Debug|Any CPU.Build.0 = Debug|Any CPU
		{DB051997-CAE6-42F4-87B4-8A622DD4CFC1}.Release|Any CPU.ActiveCfg = Release|Any CPU
		{DB051997-CAE6-42F4-87B4-8A622DD4CFC1}.Release|Any CPU.Build.0 = Release|Any CPU
		{71CDA741-20E4-4264-A0B5-F97993EDFA29}.Debug|Any CPU.ActiveCfg = Debug|Any CPU
		{71CDA741-20E4-4264-A0B5-F97993EDFA29}.Debug|Any CPU.Build.0 = Debug|Any CPU
		{71CDA741-20E4-4264-A0B5-F97993EDFA29}.Release|Any CPU.ActiveCfg = Release|Any CPU
		{71CDA741-20E4-4264-A0B5-F97993EDFA29}.Release|Any CPU.Build.0 = Release|Any CPU
		{880207B8-A839-4831-813B-2633637CAD8E}.Debug|Any CPU.ActiveCfg = Debug|Any CPU
		{880207B8-A839-4831-813B-2633637CAD8E}.Debug|Any CPU.Build.0 = Debug|Any CPU
		{880207B8-A839-4831-813B-2633637CAD8E}.Release|Any CPU.ActiveCfg = Release|Any CPU
		{880207B8-A839-4831-813B-2633637CAD8E}.Release|Any CPU.Build.0 = Release|Any CPU
		{9A7AC504-1FDE-4CA7-A57D-90C16FAE0924}.Debug|Any CPU.ActiveCfg = Debug|Any CPU
		{9A7AC504-1FDE-4CA7-A57D-90C16FAE0924}.Debug|Any CPU.Build.0 = Debug|Any CPU
		{9A7AC504-1FDE-4CA7-A57D-90C16FAE0924}.Release|Any CPU.ActiveCfg = Release|Any CPU
		{9A7AC504-1FDE-4CA7-A57D-90C16FAE0924}.Release|Any CPU.Build.0 = Release|Any CPU
	EndGlobalSection
	GlobalSection(SolutionProperties) = preSolution
		HideSolutionNode = FALSE
	EndGlobalSection
	GlobalSection(ExtensibilityGlobals) = postSolution
		SolutionGuid = {DC542A0F-7A4C-40D1-9631-CC8CF3A7ABDA}
	EndGlobalSection
EndGlobal
